
Microsoft Visual Studio Solution File, Format Version 12.00
# Visual Studio Version 17
VisualStudioVersion = 17.12.35521.163
MinimumVisualStudioVersion = 10.0.40219.1
Project("{FAE04EC0-301F-11D3-BF4B-00C04F79EFBC}") = "Main", "Main\Main.csproj", "{AA63E20E-29F8-4722-90F8-354E3F72BBBF}"
EndProject
Project("{FAE04EC0-301F-11D3-BF4B-00C04F79EFBC}") = "Solid-Principles", "Solid-Principles\Solid-Principles.csproj", "{8ECB29E0-D88B-4CC7-BCB5-1EB05269FEE9}"
EndProject
Project("{FAE04EC0-301F-11D3-BF4B-00C04F79EFBC}") = "ExceptionHandling", "ExceptionHandling\ExceptionHandling.csproj", "{C4442D35-05E0-4A92-BEFA-EA9EE7E94D22}"
EndProject
Project("{FAE04EC0-301F-11D3-BF4B-00C04F79EFBC}") = "Generics", "Generics\Generics.csproj", "{A673CDF9-9750-43B6-AE2C-D4161A222432}"
EndProject
Project("{FAE04EC0-301F-11D3-BF4B-00C04F79EFBC}") = "Collections", "Collections\Collections.csproj", "{D215270E-9F6E-437B-83DD-719D864B5CE8}"
EndProject
Project("{FAE04EC0-301F-11D3-BF4B-00C04F79EFBC}") = "LINQ", "LINQ\LINQ.csproj", "{3FF84885-F371-48BD-80B1-044D61CD039B}"
EndProject
Project("{FAE04EC0-301F-11D3-BF4B-00C04F79EFBC}") = "UnitTests", "UnitTests\UnitTests.csproj", "{A52521CF-98EB-489E-8BCE-762CF617DE5C}"
EndProject
Project("{FAE04EC0-301F-11D3-BF4B-00C04F79EFBC}") = "Algorithms", "Algorithms\Algorithms.csproj", "{BD8FE4D8-F427-45AB-807B-3D0695643A43}"
EndProject
Project("{FAE04EC0-301F-11D3-BF4B-00C04F79EFBC}") = "ContactBook", "ContactBook\ContactBook.csproj", "{22F3460E-6465-4F2E-AC3F-E9CB46FA97D7}"
EndProject
Project("{FAE04EC0-301F-11D3-BF4B-00C04F79EFBC}") = "TodoList", "TodoList\TodoList.csproj", "{06654FC6-A95C-4EF2-9461-E49BC1E48FFB}"
EndProject
Project("{2150E333-8FDC-42A3-9474-1A3956D46DE8}") = ".github", ".github", "{C14B0DB2-79F2-4EE2-8C40-75023E3FAE2A}"
EndProject
Project("{2150E333-8FDC-42A3-9474-1A3956D46DE8}") = "workflows", "workflows", "{F4AFF0CD-1E04-4A96-BF59-13CB9002E3AF}"
	ProjectSection(SolutionItems) = preProject
		ci.yml = ci.yml
	EndProjectSection
EndProject
Global
	GlobalSection(SolutionConfigurationPlatforms) = preSolution
		Debug|Any CPU = Debug|Any CPU
		Release|Any CPU = Release|Any CPU
	EndGlobalSection
	GlobalSection(ProjectConfigurationPlatforms) = postSolution
		{AA63E20E-29F8-4722-90F8-354E3F72BBBF}.Debug|Any CPU.ActiveCfg = Debug|Any CPU
		{AA63E20E-29F8-4722-90F8-354E3F72BBBF}.Debug|Any CPU.Build.0 = Debug|Any CPU
		{AA63E20E-29F8-4722-90F8-354E3F72BBBF}.Release|Any CPU.ActiveCfg = Release|Any CPU
		{AA63E20E-29F8-4722-90F8-354E3F72BBBF}.Release|Any CPU.Build.0 = Release|Any CPU
		{8ECB29E0-D88B-4CC7-BCB5-1EB05269FEE9}.Debug|Any CPU.ActiveCfg = Debug|Any CPU
		{8ECB29E0-D88B-4CC7-BCB5-1EB05269FEE9}.Debug|Any CPU.Build.0 = Debug|Any CPU
		{8ECB29E0-D88B-4CC7-BCB5-1EB05269FEE9}.Release|Any CPU.ActiveCfg = Release|Any CPU
		{8ECB29E0-D88B-4CC7-BCB5-1EB05269FEE9}.Release|Any CPU.Build.0 = Release|Any CPU
		{C4442D35-05E0-4A92-BEFA-EA9EE7E94D22}.Debug|Any CPU.ActiveCfg = Debug|Any CPU
		{C4442D35-05E0-4A92-BEFA-EA9EE7E94D22}.Debug|Any CPU.Build.0 = Debug|Any CPU
		{C4442D35-05E0-4A92-BEFA-EA9EE7E94D22}.Release|Any CPU.ActiveCfg = Release|Any CPU
		{C4442D35-05E0-4A92-BEFA-EA9EE7E94D22}.Release|Any CPU.Build.0 = Release|Any CPU
		{A673CDF9-9750-43B6-AE2C-D4161A222432}.Debug|Any CPU.ActiveCfg = Debug|Any CPU
		{A673CDF9-9750-43B6-AE2C-D4161A222432}.Debug|Any CPU.Build.0 = Debug|Any CPU
		{A673CDF9-9750-43B6-AE2C-D4161A222432}.Release|Any CPU.ActiveCfg = Release|Any CPU
		{A673CDF9-9750-43B6-AE2C-D4161A222432}.Release|Any CPU.Build.0 = Release|Any CPU
		{D215270E-9F6E-437B-83DD-719D864B5CE8}.Debug|Any CPU.ActiveCfg = Debug|Any CPU
		{D215270E-9F6E-437B-83DD-719D864B5CE8}.Debug|Any CPU.Build.0 = Debug|Any CPU
		{D215270E-9F6E-437B-83DD-719D864B5CE8}.Release|Any CPU.ActiveCfg = Release|Any CPU
		{D215270E-9F6E-437B-83DD-719D864B5CE8}.Release|Any CPU.Build.0 = Release|Any CPU
		{3FF84885-F371-48BD-80B1-044D61CD039B}.Debug|Any CPU.ActiveCfg = Debug|Any CPU
		{3FF84885-F371-48BD-80B1-044D61CD039B}.Debug|Any CPU.Build.0 = Debug|Any CPU
		{3FF84885-F371-48BD-80B1-044D61CD039B}.Release|Any CPU.ActiveCfg = Release|Any CPU
		{3FF84885-F371-48BD-80B1-044D61CD039B}.Release|Any CPU.Build.0 = Release|Any CPU
		{A52521CF-98EB-489E-8BCE-762CF617DE5C}.Debug|Any CPU.ActiveCfg = Debug|Any CPU
		{A52521CF-98EB-489E-8BCE-762CF617DE5C}.Debug|Any CPU.Build.0 = Debug|Any CPU
		{A52521CF-98EB-489E-8BCE-762CF617DE5C}.Release|Any CPU.ActiveCfg = Release|Any CPU
		{A52521CF-98EB-489E-8BCE-762CF617DE5C}.Release|Any CPU.Build.0 = Release|Any CPU
		{BD8FE4D8-F427-45AB-807B-3D0695643A43}.Debug|Any CPU.ActiveCfg = Debug|Any CPU
		{BD8FE4D8-F427-45AB-807B-3D0695643A43}.Debug|Any CPU.Build.0 = Debug|Any CPU
		{BD8FE4D8-F427-45AB-807B-3D0695643A43}.Release|Any CPU.ActiveCfg = Release|Any CPU
		{BD8FE4D8-F427-45AB-807B-3D0695643A43}.Release|Any CPU.Build.0 = Release|Any CPU
		{22F3460E-6465-4F2E-AC3F-E9CB46FA97D7}.Debug|Any CPU.ActiveCfg = Debug|Any CPU
		{22F3460E-6465-4F2E-AC3F-E9CB46FA97D7}.Debug|Any CPU.Build.0 = Debug|Any CPU
		{22F3460E-6465-4F2E-AC3F-E9CB46FA97D7}.Release|Any CPU.ActiveCfg = Release|Any CPU
		{22F3460E-6465-4F2E-AC3F-E9CB46FA97D7}.Release|Any CPU.Build.0 = Release|Any CPU
		{06654FC6-A95C-4EF2-9461-E49BC1E48FFB}.Debug|Any CPU.ActiveCfg = Debug|Any CPU
		{06654FC6-A95C-4EF2-9461-E49BC1E48FFB}.Debug|Any CPU.Build.0 = Debug|Any CPU
		{06654FC6-A95C-4EF2-9461-E49BC1E48FFB}.Release|Any CPU.ActiveCfg = Release|Any CPU
		{06654FC6-A95C-4EF2-9461-E49BC1E48FFB}.Release|Any CPU.Build.0 = Release|Any CPU
	EndGlobalSection
	GlobalSection(SolutionProperties) = preSolution
		HideSolutionNode = FALSE
	EndGlobalSection
	GlobalSection(NestedProjects) = preSolution
		{F4AFF0CD-1E04-4A96-BF59-13CB9002E3AF} = {C14B0DB2-79F2-4EE2-8C40-75023E3FAE2A}
	EndGlobalSection
EndGlobal
